// !$*UTF8*$!
{
	archiveVersion = 1;
	classes = {
	};
	objectVersion = 50;
	objects = {

/* Begin PBXBuildFile section */
		A182731525B1E2EA007B68E3 /* CalenderModel.swift in Sources */ = {isa = PBXBuildFile; fileRef = A182731425B1E2EA007B68E3 /* CalenderModel.swift */; };
		A196890E25B52A74003A2B0D /* CalenderCollectionViewCell.swift in Sources */ = {isa = PBXBuildFile; fileRef = A196890D25B52A74003A2B0D /* CalenderCollectionViewCell.swift */; };
		A196891325B578DA003A2B0D /* MyCalenderView.swift in Sources */ = {isa = PBXBuildFile; fileRef = A196891125B578DA003A2B0D /* MyCalenderView.swift */; };
		A1A9F75425B6E7A000865D88 /* 111.jpg in Resources */ = {isa = PBXBuildFile; fileRef = A1A9F75325B6E79F00865D88 /* 111.jpg */; };
		A1F2AB0425B1371700A1F486 /* AppDelegate.swift in Sources */ = {isa = PBXBuildFile; fileRef = A1F2AB0325B1371700A1F486 /* AppDelegate.swift */; };
		A1F2AB0625B1371700A1F486 /* SceneDelegate.swift in Sources */ = {isa = PBXBuildFile; fileRef = A1F2AB0525B1371700A1F486 /* SceneDelegate.swift */; };
		A1F2AB0825B1371700A1F486 /* ViewController.swift in Sources */ = {isa = PBXBuildFile; fileRef = A1F2AB0725B1371700A1F486 /* ViewController.swift */; };
		A1F2AB0B25B1371700A1F486 /* Main.storyboard in Resources */ = {isa = PBXBuildFile; fileRef = A1F2AB0925B1371700A1F486 /* Main.storyboard */; };
		A1F2AB0D25B1371900A1F486 /* Assets.xcassets in Resources */ = {isa = PBXBuildFile; fileRef = A1F2AB0C25B1371900A1F486 /* Assets.xcassets */; };
		A1F2AB1025B1371900A1F486 /* LaunchScreen.storyboard in Resources */ = {isa = PBXBuildFile; fileRef = A1F2AB0E25B1371900A1F486 /* LaunchScreen.storyboard */; };
		A1F2AB1A25B1376E00A1F486 /* MyCalenderViewItem.swift in Sources */ = {isa = PBXBuildFile; fileRef = A1F2AB1925B1376E00A1F486 /* MyCalenderViewItem.swift */; };
/* End PBXBuildFile section */

/* Begin PBXFileReference section */
		A182731425B1E2EA007B68E3 /* CalenderModel.swift */ = {isa = PBXFileReference; lastKnownFileType = sourcecode.swift; path = CalenderModel.swift; sourceTree = "<group>"; };
		A196890D25B52A74003A2B0D /* CalenderCollectionViewCell.swift */ = {isa = PBXFileReference; lastKnownFileType = sourcecode.swift; path = CalenderCollectionViewCell.swift; sourceTree = "<group>"; };
		A196891125B578DA003A2B0D /* MyCalenderView.swift */ = {isa = PBXFileReference; fileEncoding = 4; lastKnownFileType = sourcecode.swift; path = MyCalenderView.swift; sourceTree = "<group>"; };
		A1A9F75325B6E79F00865D88 /* 111.jpg */ = {isa = PBXFileReference; lastKnownFileType = image.jpeg; path = 111.jpg; sourceTree = "<group>"; };
		A1F2AB0025B1371700A1F486 /* MyCalender.app */ = {isa = PBXFileReference; explicitFileType = wrapper.application; includeInIndex = 0; path = MyCalender.app; sourceTree = BUILT_PRODUCTS_DIR; };
		A1F2AB0325B1371700A1F486 /* AppDelegate.swift */ = {isa = PBXFileReference; lastKnownFileType = sourcecode.swift; path = AppDelegate.swift; sourceTree = "<group>"; };
		A1F2AB0525B1371700A1F486 /* SceneDelegate.swift */ = {isa = PBXFileReference; lastKnownFileType = sourcecode.swift; path = SceneDelegate.swift; sourceTree = "<group>"; };
		A1F2AB0725B1371700A1F486 /* ViewController.swift */ = {isa = PBXFileReference; lastKnownFileType = sourcecode.swift; path = ViewController.swift; sourceTree = "<group>"; };
		A1F2AB0A25B1371700A1F486 /* Base */ = {isa = PBXFileReference; lastKnownFileType = file.storyboard; name = Base; path = Base.lproj/Main.storyboard; sourceTree = "<group>"; };
		A1F2AB0C25B1371900A1F486 /* Assets.xcassets */ = {isa = PBXFileReference; lastKnownFileType = folder.assetcatalog; path = Assets.xcassets; sourceTree = "<group>"; };
		A1F2AB0F25B1371900A1F486 /* Base */ = {isa = PBXFileReference; lastKnownFileType = file.storyboard; name = Base; path = Base.lproj/LaunchScreen.storyboard; sourceTree = "<group>"; };
		A1F2AB1125B1371900A1F486 /* Info.plist */ = {isa = PBXFileReference; lastKnownFileType = text.plist.xml; path = Info.plist; sourceTree = "<group>"; };
		A1F2AB1925B1376E00A1F486 /* MyCalenderViewItem.swift */ = {isa = PBXFileReference; lastKnownFileType = sourcecode.swift; path = MyCalenderViewItem.swift; sourceTree = "<group>"; };
/* End PBXFileReference section */

/* Begin PBXFrameworksBuildPhase section */
		A1F2AAFD25B1371700A1F486 /* Frameworks */ = {
			isa = PBXFrameworksBuildPhase;
			buildActionMask = 2147483647;
			files = (
			);
			runOnlyForDeploymentPostprocessing = 0;
		};
/* End PBXFrameworksBuildPhase section */

/* Begin PBXGroup section */
		A1F2AAF725B1371700A1F486 = {
			isa = PBXGroup;
			children = (
				A1F2AB1825B1372200A1F486 /* MyCalenderView */,
				A1F2AB0225B1371700A1F486 /* MyCalender */,
				A1F2AB0125B1371700A1F486 /* Products */,
			);
			sourceTree = "<group>";
		};
		A1F2AB0125B1371700A1F486 /* Products */ = {
			isa = PBXGroup;
			children = (
				A1F2AB0025B1371700A1F486 /* MyCalender.app */,
			);
			name = Products;
			sourceTree = "<group>";
		};
		A1F2AB0225B1371700A1F486 /* MyCalender */ = {
			isa = PBXGroup;
			children = (
				A1F2AB0325B1371700A1F486 /* AppDelegate.swift */,
				A1F2AB0525B1371700A1F486 /* SceneDelegate.swift */,
				A1F2AB0725B1371700A1F486 /* ViewController.swift */,
				A1F2AB0925B1371700A1F486 /* Main.storyboard */,
				A1F2AB0C25B1371900A1F486 /* Assets.xcassets */,
				A1F2AB0E25B1371900A1F486 /* LaunchScreen.storyboard */,
				A1F2AB1125B1371900A1F486 /* Info.plist */,
				A1A9F75325B6E79F00865D88 /* 111.jpg */,
			);
			path = MyCalender;
			sourceTree = "<group>";
		};
		A1F2AB1825B1372200A1F486 /* MyCalenderView */ = {
			isa = PBXGroup;
			children = (
				A196891125B578DA003A2B0D /* MyCalenderView.swift */,
				A1F2AB1925B1376E00A1F486 /* MyCalenderViewItem.swift */,
				A182731425B1E2EA007B68E3 /* CalenderModel.swift */,
				A196890D25B52A74003A2B0D /* CalenderCollectionViewCell.swift */,
			);
			path = MyCalenderView;
			sourceTree = "<group>";
		};
/* End PBXGroup section */

/* Begin PBXNativeTarget section */
		A1F2AAFF25B1371700A1F486 /* MyCalender */ = {
			isa = PBXNativeTarget;
			buildConfigurationList = A1F2AB1425B1371900A1F486 /* Build configuration list for PBXNativeTarget "MyCalender" */;
			buildPhases = (
				A1F2AAFC25B1371700A1F486 /* Sources */,
				A1F2AAFD25B1371700A1F486 /* Frameworks */,
				A1F2AAFE25B1371700A1F486 /* Resources */,
			);
			buildRules = (
			);
			dependencies = (
			);
			name = MyCalender;
			productName = MyCalender;
			productReference = A1F2AB0025B1371700A1F486 /* MyCalender.app */;
			productType = "com.apple.product-type.application";
		};
/* End PBXNativeTarget section */

/* Begin PBXProject section */
		A1F2AAF825B1371700A1F486 /* Project object */ = {
			isa = PBXProject;
			attributes = {
				LastSwiftUpdateCheck = 1230;
				LastUpgradeCheck = 1230;
				TargetAttributes = {
					A1F2AAFF25B1371700A1F486 = {
						CreatedOnToolsVersion = 12.3;
					};
				};
			};
			buildConfigurationList = A1F2AAFB25B1371700A1F486 /* Build configuration list for PBXProject "MyCalender" */;
			compatibilityVersion = "Xcode 9.3";
			developmentRegion = en;
			hasScannedForEncodings = 0;
			knownRegions = (
				en,
				Base,
			);
			mainGroup = A1F2AAF725B1371700A1F486;
			productRefGroup = A1F2AB0125B1371700A1F486 /* Products */;
			projectDirPath = "";
			projectRoot = "";
			targets = (
				A1F2AAFF25B1371700A1F486 /* MyCalender */,
			);
		};
/* End PBXProject section */

/* Begin PBXResourcesBuildPhase section */
		A1F2AAFE25B1371700A1F486 /* Resources */ = {
			isa = PBXResourcesBuildPhase;
			buildActionMask = 2147483647;
			files = (
				A1F2AB1025B1371900A1F486 /* LaunchScreen.storyboard in Resources */,
				A1F2AB0D25B1371900A1F486 /* Assets.xcassets in Resources */,
				A1A9F75425B6E7A000865D88 /* 111.jpg in Resources */,
				A1F2AB0B25B1371700A1F486 /* Main.storyboard in Resources */,
			);
			runOnlyForDeploymentPostprocessing = 0;
		};
/* End PBXResourcesBuildPhase section */

/* Begin PBXSourcesBuildPhase section */
		A1F2AAFC25B1371700A1F486 /* Sources */ = {
			isa = PBXSourcesBuildPhase;
			buildActionMask = 2147483647;
			files = (
				A196890E25B52A74003A2B0D /* CalenderCollectionViewCell.swift in Sources */,
				A1F2AB0825B1371700A1F486 /* ViewController.swift in Sources */,
				A1F2AB0425B1371700A1F486 /* AppDelegate.swift in Sources */,
				A196891325B578DA003A2B0D /* MyCalenderView.swift in Sources */,
				A1F2AB1A25B1376E00A1F486 /* MyCalenderViewItem.swift in Sources */,
				A182731525B1E2EA007B68E3 /* CalenderModel.swift in Sources */,
				A1F2AB0625B1371700A1F486 /* SceneDelegate.swift in Sources */,
			);
			runOnlyForDeploymentPostprocessing = 0;
		};
/* End PBXSourcesBuildPhase section */

/* Begin PBXVariantGroup section */
		A1F2AB0925B1371700A1F486 /* Main.storyboard */ = {
			isa = PBXVariantGroup;
			children = (
				A1F2AB0A25B1371700A1F486 /* Base */,
			);
			name = Main.storyboard;
			sourceTree = "<group>";
		};
		A1F2AB0E25B1371900A1F486 /* LaunchScreen.storyboard */ = {
			isa = PBXVariantGroup;
			children = (
				A1F2AB0F25B1371900A1F486 /* Base */,
			);
			name = LaunchScreen.storyboard;
			sourceTree = "<group>";
		};
/* End PBXVariantGroup section */

/* Begin XCBuildConfiguration section */
		A1F2AB1225B1371900A1F486 /* Debug */ = {
			isa = XCBuildConfiguration;
			buildSettings = {
				ALWAYS_SEARCH_USER_PATHS = NO;
				CLANG_ANALYZER_NONNULL = YES;
				CLANG_ANALYZER_NUMBER_OBJECT_CONVERSION = YES_AGGRESSIVE;
				CLANG_CXX_LANGUAGE_STANDARD = "gnu++14";
				CLANG_CXX_LIBRARY = "libc++";
				CLANG_ENABLE_MODULES = YES;
				CLANG_ENABLE_OBJC_ARC = YES;
				CLANG_ENABLE_OBJC_WEAK = YES;
				CLANG_WARN_BLOCK_CAPTURE_AUTORELEASING = YES;
				CLANG_WARN_BOOL_CONVERSION = YES;
				CLANG_WARN_COMMA = YES;
				CLANG_WARN_CONSTANT_CONVERSION = YES;
				CLANG_WARN_DEPRECATED_OBJC_IMPLEMENTATIONS = YES;
				CLANG_WARN_DIRECT_OBJC_ISA_USAGE = YES_ERROR;
				CLANG_WARN_DOCUMENTATION_COMMENTS = YES;
				CLANG_WARN_EMPTY_BODY = YES;
				CLANG_WARN_ENUM_CONVERSION = YES;
				CLANG_WARN_INFINITE_RECURSION = YES;
				CLANG_WARN_INT_CONVERSION = YES;
				CLANG_WARN_NON_LITERAL_NULL_CONVERSION = YES;
				CLANG_WARN_OBJC_IMPLICIT_RETAIN_SELF = YES;
				CLANG_WARN_OBJC_LITERAL_CONVERSION = YES;
				CLANG_WARN_OBJC_ROOT_CLASS = YES_ERROR;
				CLANG_WARN_QUOTED_INCLUDE_IN_FRAMEWORK_HEADER = YES;
				CLANG_WARN_RANGE_LOOP_ANALYSIS = YES;
				CLANG_WARN_STRICT_PROTOTYPES = YES;
				CLANG_WARN_SUSPICIOUS_MOVE = YES;
				CLANG_WARN_UNGUARDED_AVAILABILITY = YES_AGGRESSIVE;
				CLANG_WARN_UNREACHABLE_CODE = YES;
				CLANG_WARN__DUPLICATE_METHOD_MATCH = YES;
				COPY_PHASE_STRIP = NO;
				DEBUG_INFORMATION_FORMAT = dwarf;
				ENABLE_STRICT_OBJC_MSGSEND = YES;
				ENABLE_TESTABILITY = YES;
				GCC_C_LANGUAGE_STANDARD = gnu11;
				GCC_DYNAMIC_NO_PIC = NO;
				GCC_NO_COMMON_BLOCKS = YES;
				GCC_OPTIMIZATION_LEVEL = 0;
				GCC_PREPROCESSOR_DEFINITIONS = (
					"DEBUG=1",
					"$(inherited)",
				);
				GCC_WARN_64_TO_32_BIT_CONVERSION = YES;
				GCC_WARN_ABOUT_RETURN_TYPE = YES_ERROR;
				GCC_WARN_UNDECLARED_SELECTOR = YES;
				GCC_WARN_UNINITIALIZED_AUTOS = YES_AGGRESSIVE;
				GCC_WARN_UNUSED_FUNCTION = YES;
				GCC_WARN_UNUSED_VARIABLE = YES;
				IPHONEOS_DEPLOYMENT_TARGET = 14.3;
				MTL_ENABLE_DEBUG_INFO = INCLUDE_SOURCE;
				MTL_FAST_MATH = YES;
				ONLY_ACTIVE_ARCH = YES;
				SDKROOT = iphoneos;
				SWIFT_ACTIVE_COMPILATION_CONDITIONS = DEBUG;
				SWIFT_OPTIMIZATION_LEVEL = "-Onone";
			};
			name = Debug;
		};
		A1F2AB1325B1371900A1F486 /* Release */ = {
			isa = XCBuildConfiguration;
			buildSettings = {
				ALWAYS_SEARCH_USER_PATHS = NO;
				CLANG_ANALYZER_NONNULL = YES;
				CLANG_ANALYZER_NUMBER_OBJECT_CONVERSION = YES_AGGRESSIVE;
				CLANG_CXX_LANGUAGE_STANDARD = "gnu++14";
				CLANG_CXX_LIBRARY = "libc++";
				CLANG_ENABLE_MODULES = YES;
				CLANG_ENABLE_OBJC_ARC = YES;
				CLANG_ENABLE_OBJC_WEAK = YES;
				CLANG_WARN_BLOCK_CAPTURE_AUTORELEASING = YES;
				CLANG_WARN_BOOL_CONVERSION = YES;
				CLANG_WARN_COMMA = YES;
				CLANG_WARN_CONSTANT_CONVERSION = YES;
				CLANG_WARN_DEPRECATED_OBJC_IMPLEMENTATIONS = YES;
				CLANG_WARN_DIRECT_OBJC_ISA_USAGE = YES_ERROR;
				CLANG_WARN_DOCUMENTATION_COMMENTS = YES;
				CLANG_WARN_EMPTY_BODY = YES;
				CLANG_WARN_ENUM_CONVERSION = YES;
				CLANG_WARN_INFINITE_RECURSION = YES;
				CLANG_WARN_INT_CONVERSION = YES;
				CLANG_WARN_NON_LITERAL_NULL_CONVERSION = YES;
				CLANG_WARN_OBJC_IMPLICIT_RETAIN_SELF = YES;
				CLANG_WARN_OBJC_LITERAL_CONVERSION = YES;
				CLANG_WARN_OBJC_ROOT_CLASS = YES_ERROR;
				CLANG_WARN_QUOTED_INCLUDE_IN_FRAMEWORK_HEADER = YES;
				CLANG_WARN_RANGE_LOOP_ANALYSIS = YES;
				CLANG_WARN_STRICT_PROTOTYPES = YES;
				CLANG_WARN_SUSPICIOUS_MOVE = YES;
				CLANG_WARN_UNGUARDED_AVAILABILITY = YES_AGGRESSIVE;
				CLANG_WARN_UNREACHABLE_CODE = YES;
				CLANG_WARN__DUPLICATE_METHOD_MATCH = YES;
				COPY_PHASE_STRIP = NO;
				DEBUG_INFORMATION_FORMAT = "dwarf-with-dsym";
				ENABLE_NS_ASSERTIONS = NO;
				ENABLE_STRICT_OBJC_MSGSEND = YES;
				GCC_C_LANGUAGE_STANDARD = gnu11;
				GCC_NO_COMMON_BLOCKS = YES;
				GCC_WARN_64_TO_32_BIT_CONVERSION = YES;
				GCC_WARN_ABOUT_RETURN_TYPE = YES_ERROR;
				GCC_WARN_UNDECLARED_SELECTOR = YES;
				GCC_WARN_UNINITIALIZED_AUTOS = YES_AGGRESSIVE;
				GCC_WARN_UNUSED_FUNCTION = YES;
				GCC_WARN_UNUSED_VARIABLE = YES;
				IPHONEOS_DEPLOYMENT_TARGET = 14.3;
				MTL_ENABLE_DEBUG_INFO = NO;
				MTL_FAST_MATH = YES;
				SDKROOT = iphoneos;
				SWIFT_COMPILATION_MODE = wholemodule;
				SWIFT_OPTIMIZATION_LEVEL = "-O";
				VALIDATE_PRODUCT = YES;
			};
			name = Release;
		};
		A1F2AB1525B1371900A1F486 /* Debug */ = {
			isa = XCBuildConfiguration;
			buildSettings = {
				ASSETCATALOG_COMPILER_APPICON_NAME = AppIcon;
				ASSETCATALOG_COMPILER_GLOBAL_ACCENT_COLOR_NAME = AccentColor;
				CODE_SIGN_STYLE = Automatic;
				DEVELOPMENT_TEAM = KGB4YH8FC6;
				INFOPLIST_FILE = MyCalender/Info.plist;
				LD_RUNPATH_SEARCH_PATHS = (
					"$(inherited)",
					"@executable_path/Frameworks",
				);
				PRODUCT_BUNDLE_IDENTIFIER = com.myron.MyCalender;
				PRODUCT_NAME = "$(TARGET_NAME)";
				SWIFT_VERSION = 5.0;
				TARGETED_DEVICE_FAMILY = "1,2";
			};
			name = Debug;
		};
		A1F2AB1625B1371900A1F486 /* Release */ = {
			isa = XCBuildConfiguration;
			buildSettings = {
				ASSETCATALOG_COMPILER_APPICON_NAME = AppIcon;
				ASSETCATALOG_COMPILER_GLOBAL_ACCENT_COLOR_NAME = AccentColor;
				CODE_SIGN_STYLE = Automatic;
				DEVELOPMENT_TEAM = KGB4YH8FC6;
				INFOPLIST_FILE = MyCalender/Info.plist;
				LD_RUNPATH_SEARCH_PATHS = (
					"$(inherited)",
					"@executable_path/Frameworks",
				);
				PRODUCT_BUNDLE_IDENTIFIER = com.myron.MyCalender;
				PRODUCT_NAME = "$(TARGET_NAME)";
				SWIFT_VERSION = 5.0;
				TARGETED_DEVICE_FAMILY = "1,2";
			};
			name = Release;
		};
/* End XCBuildConfiguration section */

/* Begin XCConfigurationList section */
		A1F2AAFB25B1371700A1F486 /* Build configuration list for PBXProject "MyCalender" */ = {
			isa = XCConfigurationList;
			buildConfigurations = (
				A1F2AB1225B1371900A1F486 /* Debug */,
				A1F2AB1325B1371900A1F486 /* Release */,
			);
			defaultConfigurationIsVisible = 0;
			defaultConfigurationName = Release;
		};
		A1F2AB1425B1371900A1F486 /* Build configuration list for PBXNativeTarget "MyCalender" */ = {
			isa = XCConfigurationList;
			buildConfigurations = (
				A1F2AB1525B1371900A1F486 /* Debug */,
				A1F2AB1625B1371900A1F486 /* Release */,
			);
			defaultConfigurationIsVisible = 0;
			defaultConfigurationName = Release;
		};
/* End XCConfigurationList section */
	};
	rootObject = A1F2AAF825B1371700A1F486 /* Project object */;
}
